// !$*UTF8*$!
{
	archiveVersion = 1;
	classes = {
	};
	objectVersion = 46;
	objects = {

/* Begin PBXBuildFile section */
		942942031D13104A0032D1AF /* main.m in Sources */ = {isa = PBXBuildFile; fileRef = 942942021D13104A0032D1AF /* main.m */; };
		942942061D13104A0032D1AF /* AppDelegate.m in Sources */ = {isa = PBXBuildFile; fileRef = 942942051D13104A0032D1AF /* AppDelegate.m */; };
		942942091D13104A0032D1AF /* ThermostateViewController.m in Sources */ = {isa = PBXBuildFile; fileRef = 942942081D13104A0032D1AF /* ThermostateViewController.m */; };
		9429420C1D13104A0032D1AF /* Main.storyboard in Resources */ = {isa = PBXBuildFile; fileRef = 9429420A1D13104A0032D1AF /* Main.storyboard */; };
		9429420E1D13104A0032D1AF /* Assets.xcassets in Resources */ = {isa = PBXBuildFile; fileRef = 9429420D1D13104A0032D1AF /* Assets.xcassets */; };
		942942111D13104A0032D1AF /* LaunchScreen.storyboard in Resources */ = {isa = PBXBuildFile; fileRef = 9429420F1D13104A0032D1AF /* LaunchScreen.storyboard */; };
		946EDEB81D1384290044634B /* CoreLocation.framework in Frameworks */ = {isa = PBXBuildFile; fileRef = 946EDEB71D1384290044634B /* CoreLocation.framework */; };
/* End PBXBuildFile section */

/* Begin PBXFileReference section */
		942941FE1D13104A0032D1AF /* Thermostat.app */ = {isa = PBXFileReference; explicitFileType = wrapper.application; includeInIndex = 0; path = Thermostat.app; sourceTree = BUILT_PRODUCTS_DIR; };
		942942021D13104A0032D1AF /* main.m */ = {isa = PBXFileReference; lastKnownFileType = sourcecode.c.objc; path = main.m; sourceTree = "<group>"; };
		942942041D13104A0032D1AF /* AppDelegate.h */ = {isa = PBXFileReference; lastKnownFileType = sourcecode.c.h; path = AppDelegate.h; sourceTree = "<group>"; };
		942942051D13104A0032D1AF /* AppDelegate.m */ = {isa = PBXFileReference; lastKnownFileType = sourcecode.c.objc; path = AppDelegate.m; sourceTree = "<group>"; };
		942942071D13104A0032D1AF /* ThermostateViewController.h */ = {isa = PBXFileReference; lastKnownFileType = sourcecode.c.h; path = ThermostateViewController.h; sourceTree = "<group>"; };
		942942081D13104A0032D1AF /* ThermostateViewController.m */ = {isa = PBXFileReference; lastKnownFileType = sourcecode.c.objc; path = ThermostateViewController.m; sourceTree = "<group>"; };
		9429420B1D13104A0032D1AF /* Base */ = {isa = PBXFileReference; lastKnownFileType = file.storyboard; name = Base; path = Base.lproj/Main.storyboard; sourceTree = "<group>"; };
		9429420D1D13104A0032D1AF /* Assets.xcassets */ = {isa = PBXFileReference; lastKnownFileType = folder.assetcatalog; path = Assets.xcassets; sourceTree = "<group>"; };
		942942101D13104A0032D1AF /* Base */ = {isa = PBXFileReference; lastKnownFileType = file.storyboard; name = Base; path = Base.lproj/LaunchScreen.storyboard; sourceTree = "<group>"; };
		942942121D13104A0032D1AF /* Info.plist */ = {isa = PBXFileReference; lastKnownFileType = text.plist.xml; path = Info.plist; sourceTree = "<group>"; };
		946EDEB71D1384290044634B /* CoreLocation.framework */ = {isa = PBXFileReference; lastKnownFileType = wrapper.framework; name = CoreLocation.framework; path = System/Library/Frameworks/CoreLocation.framework; sourceTree = SDKROOT; };
/* End PBXFileReference section */

/* Begin PBXFrameworksBuildPhase section */
		942941FB1D13104A0032D1AF /* Frameworks */ = {
			isa = PBXFrameworksBuildPhase;
			buildActionMask = 2147483647;
			files = (
				946EDEB81D1384290044634B /* CoreLocation.framework in Frameworks */,
			);
			runOnlyForDeploymentPostprocessing = 0;
		};
/* End PBXFrameworksBuildPhase section */

/* Begin PBXGroup section */
		942941F51D13104A0032D1AF = {
			isa = PBXGroup;
			children = (
				942942001D13104A0032D1AF /* Thermostat */,
				942941FF1D13104A0032D1AF /* Products */,
			);
			sourceTree = "<group>";
		};
		942941FF1D13104A0032D1AF /* Products */ = {
			isa = PBXGroup;
			children = (
				942941FE1D13104A0032D1AF /* Thermostat.app */,
			);
			name = Products;
			sourceTree = "<group>";
		};
		942942001D13104A0032D1AF /* Thermostat */ = {
			isa = PBXGroup;
			children = (
				942942041D13104A0032D1AF /* AppDelegate.h */,
				942942051D13104A0032D1AF /* AppDelegate.m */,
				942942071D13104A0032D1AF /* ThermostateViewController.h */,
				942942081D13104A0032D1AF /* ThermostateViewController.m */,
				9429420A1D13104A0032D1AF /* Main.storyboard */,
				9429420D1D13104A0032D1AF /* Assets.xcassets */,
				9429420F1D13104A0032D1AF /* LaunchScreen.storyboard */,
				942942121D13104A0032D1AF /* Info.plist */,
				942942011D13104A0032D1AF /* Supporting Files */,
			);
			path = Thermostat;
			sourceTree = "<group>";
		};
		942942011D13104A0032D1AF /* Supporting Files */ = {
			isa = PBXGroup;
			children = (
				946EDEB71D1384290044634B /* CoreLocation.framework */,
				942942021D13104A0032D1AF /* main.m */,
			);
			name = "Supporting Files";
			sourceTree = "<group>";
		};
/* End PBXGroup section */

/* Begin PBXNativeTarget section */
		942941FD1D13104A0032D1AF /* Thermostat */ = {
			isa = PBXNativeTarget;
			buildConfigurationList = 942942151D13104A0032D1AF /* Build configuration list for PBXNativeTarget "Thermostat" */;
			buildPhases = (
				942941FA1D13104A0032D1AF /* Sources */,
				942941FB1D13104A0032D1AF /* Frameworks */,
				942941FC1D13104A0032D1AF /* Resources */,
			);
			buildRules = (
			);
			dependencies = (
			);
			name = Thermostat;
			productName = Thermostat;
			productReference = 942941FE1D13104A0032D1AF /* Thermostat.app */;
			productType = "com.apple.product-type.application";
		};
/* End PBXNativeTarget section */

/* Begin PBXProject section */
		942941F61D13104A0032D1AF /* Project object */ = {
			isa = PBXProject;
			attributes = {
				LastUpgradeCheck = 0730;
				ORGANIZATIONNAME = "Ryan Cortez";
				TargetAttributes = {
					942941FD1D13104A0032D1AF = {
						CreatedOnToolsVersion = 7.3.1;
						DevelopmentTeam = LT6ZAERUP8;
					};
				};
			};
			buildConfigurationList = 942941F91D13104A0032D1AF /* Build configuration list for PBXProject "Thermostat" */;
			compatibilityVersion = "Xcode 3.2";
			developmentRegion = English;
			hasScannedForEncodings = 0;
			knownRegions = (
				en,
				Base,
			);
			mainGroup = 942941F51D13104A0032D1AF;
			productRefGroup = 942941FF1D13104A0032D1AF /* Products */;
			projectDirPath = "";
			projectRoot = "";
			targets = (
				942941FD1D13104A0032D1AF /* Thermostat */,
			);
		};
/* End PBXProject section */

/* Begin PBXResourcesBuildPhase section */
		942941FC1D13104A0032D1AF /* Resources */ = {
			isa = PBXResourcesBuildPhase;
			buildActionMask = 2147483647;
			files = (
				942942111D13104A0032D1AF /* LaunchScreen.storyboard in Resources */,
				9429420E1D13104A0032D1AF /* Assets.xcassets in Resources */,
				9429420C1D13104A0032D1AF /* Main.storyboard in Resources */,
			);
			runOnlyForDeploymentPostprocessing = 0;
		};
/* End PBXResourcesBuildPhase section */

/* Begin PBXSourcesBuildPhase section */
		942941FA1D13104A0032D1AF /* Sources */ = {
			isa = PBXSourcesBuildPhase;
			buildActionMask = 2147483647;
			files = (
				942942091D13104A0032D1AF /* ThermostateViewController.m in Sources */,
				942942061D13104A0032D1AF /* AppDelegate.m in Sources */,
				942942031D13104A0032D1AF /* main.m in Sources */,
			);
			runOnlyForDeploymentPostprocessing = 0;
		};
/* End PBXSourcesBuildPhase section */

/* Begin PBXVariantGroup section */
		9429420A1D13104A0032D1AF /* Main.storyboard */ = {
			isa = PBXVariantGroup;
			children = (
				9429420B1D13104A0032D1AF /* Base */,
			);
			name = Main.storyboard;
			sourceTree = "<group>";
		};
		9429420F1D13104A0032D1AF /* LaunchScreen.storyboard */ = {
			isa = PBXVariantGroup;
			children = (
				942942101D13104A0032D1AF /* Base */,
			);
			name = LaunchScreen.storyboard;
			sourceTree = "<group>";
		};
/* End PBXVariantGroup section */

/* Begin XCBuildConfiguration section */
		942942131D13104A0032D1AF /* Debug */ = {
			isa = XCBuildConfiguration;
			buildSettings = {
				ALWAYS_SEARCH_USER_PATHS = NO;
				CLANG_ANALYZER_NONNULL = YES;
				CLANG_CXX_LANGUAGE_STANDARD = "gnu++0x";
				CLANG_CXX_LIBRARY = "libc++";
				CLANG_ENABLE_MODULES = YES;
				CLANG_ENABLE_OBJC_ARC = YES;
				CLANG_WARN_BOOL_CONVERSION = YES;
				CLANG_WARN_CONSTANT_CONVERSION = YES;
				CLANG_WARN_DIRECT_OBJC_ISA_USAGE = YES_ERROR;
				CLANG_WARN_EMPTY_BODY = YES;
				CLANG_WARN_ENUM_CONVERSION = YES;
				CLANG_WARN_INT_CONVERSION = YES;
				CLANG_WARN_OBJC_ROOT_CLASS = YES_ERROR;
				CLANG_WARN_UNREACHABLE_CODE = YES;
				CLANG_WARN__DUPLICATE_METHOD_MATCH = YES;
				CODE_SIGN_IDENTITY = "iPhone Developer: Ryan Cortez (SK6238BNWU)";
				"CODE_SIGN_IDENTITY[sdk=iphoneos*]" = "iPhone Developer";
				COPY_PHASE_STRIP = NO;
				DEBUG_INFORMATION_FORMAT = dwarf;
				ENABLE_STRICT_OBJC_MSGSEND = YES;
				ENABLE_TESTABILITY = YES;
				GCC_C_LANGUAGE_STANDARD = gnu99;
				GCC_DYNAMIC_NO_PIC = NO;
				GCC_NO_COMMON_BLOCKS = YES;
				GCC_OPTIMIZATION_LEVEL = 0;
				GCC_PREPROCESSOR_DEFINITIONS = (
					"DEBUG=1",
					"$(inherited)",
				);
				GCC_WARN_64_TO_32_BIT_CONVERSION = YES;
				GCC_WARN_ABOUT_RETURN_TYPE = YES_ERROR;
				GCC_WARN_UNDECLARED_SELECTOR = YES;
				GCC_WARN_UNINITIALIZED_AUTOS = YES_AGGRESSIVE;
				GCC_WARN_UNUSED_FUNCTION = YES;
				GCC_WARN_UNUSED_VARIABLE = YES;
				IPHONEOS_DEPLOYMENT_TARGET = 9.3;
				MTL_ENABLE_DEBUG_INFO = YES;
				ONLY_ACTIVE_ARCH = YES;
				SDKROOT = iphoneos;
				TARGETED_DEVICE_FAMILY = "1,2";
			};
			name = Debug;
		};
		942942141D13104A0032D1AF /* Release */ = {
			isa = XCBuildConfiguration;
			buildSettings = {
				ALWAYS_SEARCH_USER_PATHS = NO;
				CLANG_ANALYZER_NONNULL = YES;
				CLANG_CXX_LANGUAGE_STANDARD = "gnu++0x";
				CLANG_CXX_LIBRARY = "libc++";
				CLANG_ENABLE_MODULES = YES;
				CLANG_ENABLE_OBJC_ARC = YES;
				CLANG_WARN_BOOL_CONVERSION = YES;
				CLANG_WARN_CONSTANT_CONVERSION = YES;
				CLANG_WARN_DIRECT_OBJC_ISA_USAGE = YES_ERROR;
				CLANG_WARN_EMPTY_BODY = YES;
				CLANG_WARN_ENUM_CONVERSION = YES;
				CLANG_WARN_INT_CONVERSION = YES;
				CLANG_WARN_OBJC_ROOT_CLASS = YES_ERROR;
				CLANG_WARN_UNREACHABLE_CODE = YES;
				CLANG_WARN__DUPLICATE_METHOD_MATCH = YES;
				CODE_SIGN_IDENTITY = "iPhone Developer: Ryan Cortez (SK6238BNWU)";
				"CODE_SIGN_IDENTITY[sdk=iphoneos*]" = "iPhone Developer";
				COPY_PHASE_STRIP = NO;
				DEBUG_INFORMATION_FORMAT = "dwarf-with-dsym";
				ENABLE_NS_ASSERTIONS = NO;
				ENABLE_STRICT_OBJC_MSGSEND = YES;
				GCC_C_LANGUAGE_STANDARD = gnu99;
				GCC_NO_COMMON_BLOCKS = YES;
				GCC_WARN_64_TO_32_BIT_CONVERSION = YES;
				GCC_WARN_ABOUT_RETURN_TYPE = YES_ERROR;
				GCC_WARN_UNDECLARED_SELECTOR = YES;
				GCC_WARN_UNINITIALIZED_AUTOS = YES_AGGRESSIVE;
				GCC_WARN_UNUSED_FUNCTION = YES;
				GCC_WARN_UNUSED_VARIABLE = YES;
				IPHONEOS_DEPLOYMENT_TARGET = 9.3;
				MTL_ENABLE_DEBUG_INFO = NO;
				SDKROOT = iphoneos;
				TARGETED_DEVICE_FAMILY = "1,2";
				VALIDATE_PRODUCT = YES;
			};
			name = Release;
		};
		942942161D13104A0032D1AF /* Debug */ = {
			isa = XCBuildConfiguration;
			buildSettings = {
				ASSETCATALOG_COMPILER_APPICON_NAME = AppIcon;
				CLANG_ENABLE_MODULES = YES;
				CODE_SIGN_IDENTITY = "iPhone Developer";
				"CODE_SIGN_IDENTITY[sdk=iphoneos*]" = "iPhone Developer";
				INFOPLIST_FILE = Thermostat/Info.plist;
				LD_RUNPATH_SEARCH_PATHS = "$(inherited) @executable_path/Frameworks";
				PRODUCT_BUNDLE_IDENTIFIER = "com.ryan-cortez.Thermostat";
				PRODUCT_NAME = "$(TARGET_NAME)";
				PROVISIONING_PROFILE = "";
				SWIFT_OBJC_BRIDGING_HEADER = "Thermostat/Thermostat-Bridging-Header.h";
				SWIFT_OPTIMIZATION_LEVEL = "-Onone";
			};
			name = Debug;
		};
		942942171D13104A0032D1AF /* Release */ = {
			isa = XCBuildConfiguration;
			buildSettings = {
				ASSETCATALOG_COMPILER_APPICON_NAME = AppIcon;
				CLANG_ENABLE_MODULES = YES;
				CODE_SIGN_IDENTITY = "iPhone Developer";
				"CODE_SIGN_IDENTITY[sdk=iphoneos*]" = "iPhone Developer";
				INFOPLIST_FILE = Thermostat/Info.plist;
				LD_RUNPATH_SEARCH_PATHS = "$(inherited) @executable_path/Frameworks";
				PRODUCT_BUNDLE_IDENTIFIER = "com.ryan-cortez.Thermostat";
				PRODUCT_NAME = "$(TARGET_NAME)";
				PROVISIONING_PROFILE = "";
				SWIFT_OBJC_BRIDGING_HEADER = "Thermostat/Thermostat-Bridging-Header.h";
			};
			name = Release;
		};
/* End XCBuildConfiguration section */

/* Begin XCConfigurationList section */
		942941F91D13104A0032D1AF /* Build configuration list for PBXProject "Thermostat" */ = {
			isa = XCConfigurationList;
			buildConfigurations = (
				942942131D13104A0032D1AF /* Debug */,
				942942141D13104A0032D1AF /* Release */,
			);
			defaultConfigurationIsVisible = 0;
			defaultConfigurationName = Release;
		};
		942942151D13104A0032D1AF /* Build configuration list for PBXNativeTarget "Thermostat" */ = {
			isa = XCConfigurationList;
			buildConfigurations = (
				942942161D13104A0032D1AF /* Debug */,
				942942171D13104A0032D1AF /* Release */,
			);
			defaultConfigurationIsVisible = 0;
			defaultConfigurationName = Release;
		};
/* End XCConfigurationList section */
	};
	rootObject = 942941F61D13104A0032D1AF /* Project object */;
}
